Microsoft Visual Studio Solution File, Format Version 11.00
# Visual Studio 2008

Project("{90146B8F-4C6E-B5E1-C3BB-64E643CACDA4}") = "Earthquakes", "Assembly-CSharp-firstpass.csproj", "{8C078A1A-ADA9-7964-0EE3-F8E708CC5409}"
EndProject
Project("{90146B8F-4C6E-B5E1-C3BB-64E643CACDA4}") = "Earthquakes", "Assembly-CSharp.csproj", "{398F8463-12EF-6345-4640-47B49944DFDB}"
EndProject
Project("{90146B8F-4C6E-B5E1-C3BB-64E643CACDA4}") = "Earthquakes", "Assembly-CSharp-Editor.csproj", "{FAEDC753-A9AE-1FBA-853B-FC87858808A5}"
EndProject
Project("{90146B8F-4C6E-B5E1-C3BB-64E643CACDA4}") = "Earthquakes", "Assembly-UnityScript-firstpass.unityproj", "{ECBD5D90-E264-4B53-9E3E-5D314E159B56}"
EndProject
Project("{90146B8F-4C6E-B5E1-C3BB-64E643CACDA4}") = "Earthquakes", "Assembly-UnityScript.unityproj", "{96026428-AC0C-825D-21BE-7D9E5F0E57B0}"
EndProject
Project("{90146B8F-4C6E-B5E1-C3BB-64E643CACDA4}") = "Earthquakes", "Assembly-UnityScript-Editor.unityproj", "{CAF81057-2BB1-D388-FC53-6AEB988B4CA8}"
EndProject
Global
	GlobalSection(SolutionConfigurationPlatforms) = preSolution
		Debug|Any CPU = Debug|Any CPU
		Release|Any CPU = Release|Any CPU
	EndGlobalSection
	GlobalSection(ProjectConfigurationPlatforms) = postSolution
		{8C078A1A-ADA9-7964-0EE3-F8E708CC5409}.Debug|Any CPU.ActiveCfg = Debug|Any CPU
		{8C078A1A-ADA9-7964-0EE3-F8E708CC5409}.Debug|Any CPU.Build.0 = Debug|Any CPU
		{8C078A1A-ADA9-7964-0EE3-F8E708CC5409}.Release|Any CPU.ActiveCfg = Release|Any CPU
		{8C078A1A-ADA9-7964-0EE3-F8E708CC5409}.Release|Any CPU.Build.0 = Release|Any CPU
		{398F8463-12EF-6345-4640-47B49944DFDB}.Debug|Any CPU.ActiveCfg = Debug|Any CPU
		{398F8463-12EF-6345-4640-47B49944DFDB}.Debug|Any CPU.Build.0 = Debug|Any CPU
		{398F8463-12EF-6345-4640-47B49944DFDB}.Release|Any CPU.ActiveCfg = Release|Any CPU
		{398F8463-12EF-6345-4640-47B49944DFDB}.Release|Any CPU.Build.0 = Release|Any CPU
		{FAEDC753-A9AE-1FBA-853B-FC87858808A5}.Debug|Any CPU.ActiveCfg = Debug|Any CPU
		{FAEDC753-A9AE-1FBA-853B-FC87858808A5}.Debug|Any CPU.Build.0 = Debug|Any CPU
		{FAEDC753-A9AE-1FBA-853B-FC87858808A5}.Release|Any CPU.ActiveCfg = Release|Any CPU
		{FAEDC753-A9AE-1FBA-853B-FC87858808A5}.Release|Any CPU.Build.0 = Release|Any CPU
		{ECBD5D90-E264-4B53-9E3E-5D314E159B56}.Debug|Any CPU.ActiveCfg = Debug|Any CPU
		{ECBD5D90-E264-4B53-9E3E-5D314E159B56}.Debug|Any CPU.Build.0 = Debug|Any CPU
		{ECBD5D90-E264-4B53-9E3E-5D314E159B56}.Release|Any CPU.ActiveCfg = Release|Any CPU
		{ECBD5D90-E264-4B53-9E3E-5D314E159B56}.Release|Any CPU.Build.0 = Release|Any CPU
		{96026428-AC0C-825D-21BE-7D9E5F0E57B0}.Debug|Any CPU.ActiveCfg = Debug|Any CPU
		{96026428-AC0C-825D-21BE-7D9E5F0E57B0}.Debug|Any CPU.Build.0 = Debug|Any CPU
		{96026428-AC0C-825D-21BE-7D9E5F0E57B0}.Release|Any CPU.ActiveCfg = Release|Any CPU
		{96026428-AC0C-825D-21BE-7D9E5F0E57B0}.Release|Any CPU.Build.0 = Release|Any CPU
		{CAF81057-2BB1-D388-FC53-6AEB988B4CA8}.Debug|Any CPU.ActiveCfg = Debug|Any CPU
		{CAF81057-2BB1-D388-FC53-6AEB988B4CA8}.Debug|Any CPU.Build.0 = Debug|Any CPU
		{CAF81057-2BB1-D388-FC53-6AEB988B4CA8}.Release|Any CPU.ActiveCfg = Release|Any CPU
		{CAF81057-2BB1-D388-FC53-6AEB988B4CA8}.Release|Any CPU.Build.0 = Release|Any CPU
	EndGlobalSection
	GlobalSection(SolutionProperties) = preSolution
		HideSolutionNode = FALSE
	EndGlobalSection
																					GlobalSection(MonoDevelopProperties) = preSolution
		StartupItem = Assembly-CSharp.csproj
		Policies = $0
		$0.TextStylePolicy = $1
		$1.inheritsSet = null
		$1.scope = text/x-csharp
		$0.CSharpFormattingPolicy = $2
		$2.inheritsSet = Mono
		$2.inheritsScope = text/x-csharp
		$2.scope = text/x-csharp
		$0.TextStylePolicy = $3
		$3.FileWidth = 120
		$3.TabWidth = 4
		$3.EolMarker = Unix
		$3.inheritsSet = Mono
		$3.inheritsScope = text/plain
		$3.scope = text/plain
	EndGlobalSection

EndGlobal
