Microsoft Visual Studio Solution File, Format Version 11.00
# Visual Studio 2008

Project("{2FD9F4A6-5D10-B84F-07D5-14129C2AF431}") = "Heartquakes", "Assembly-CSharp-firstpass.csproj", "{9B03D3FD-30D4-9FD8-FD17-27B53A9655E2}"
EndProject
Project("{2FD9F4A6-5D10-B84F-07D5-14129C2AF431}") = "Heartquakes", "Assembly-CSharp.csproj", "{A20ADE35-8A70-6756-552C-FA7C1D0AD172}"
EndProject
Project("{2FD9F4A6-5D10-B84F-07D5-14129C2AF431}") = "Heartquakes", "Assembly-UnityScript-firstpass.unityproj", "{8BBDF632-B629-3B4B-24DB-8A443AC11279}"
EndProject
Project("{2FD9F4A6-5D10-B84F-07D5-14129C2AF431}") = "Heartquakes", "Assembly-UnityScript.unityproj", "{ADC955C7-BE1F-F963-C8C6-0C720305778A}"
EndProject
Project("{2FD9F4A6-5D10-B84F-07D5-14129C2AF431}") = "Heartquakes", "Assembly-UnityScript-Editor.unityproj", "{AF118905-2509-AE23-F2BE-6569E2315C07}"
EndProject
Global
	GlobalSection(SolutionConfigurationPlatforms) = preSolution
		Debug|Any CPU = Debug|Any CPU
		Release|Any CPU = Release|Any CPU
	EndGlobalSection
	GlobalSection(ProjectConfigurationPlatforms) = postSolution
		{9B03D3FD-30D4-9FD8-FD17-27B53A9655E2}.Debug|Any CPU.ActiveCfg = Debug|Any CPU
		{9B03D3FD-30D4-9FD8-FD17-27B53A9655E2}.Debug|Any CPU.Build.0 = Debug|Any CPU
		{9B03D3FD-30D4-9FD8-FD17-27B53A9655E2}.Release|Any CPU.ActiveCfg = Release|Any CPU
		{9B03D3FD-30D4-9FD8-FD17-27B53A9655E2}.Release|Any CPU.Build.0 = Release|Any CPU
		{A20ADE35-8A70-6756-552C-FA7C1D0AD172}.Debug|Any CPU.ActiveCfg = Debug|Any CPU
		{A20ADE35-8A70-6756-552C-FA7C1D0AD172}.Debug|Any CPU.Build.0 = Debug|Any CPU
		{A20ADE35-8A70-6756-552C-FA7C1D0AD172}.Release|Any CPU.ActiveCfg = Release|Any CPU
		{A20ADE35-8A70-6756-552C-FA7C1D0AD172}.Release|Any CPU.Build.0 = Release|Any CPU
		{8BBDF632-B629-3B4B-24DB-8A443AC11279}.Debug|Any CPU.ActiveCfg = Debug|Any CPU
		{8BBDF632-B629-3B4B-24DB-8A443AC11279}.Debug|Any CPU.Build.0 = Debug|Any CPU
		{8BBDF632-B629-3B4B-24DB-8A443AC11279}.Release|Any CPU.ActiveCfg = Release|Any CPU
		{8BBDF632-B629-3B4B-24DB-8A443AC11279}.Release|Any CPU.Build.0 = Release|Any CPU
		{ADC955C7-BE1F-F963-C8C6-0C720305778A}.Debug|Any CPU.ActiveCfg = Debug|Any CPU
		{ADC955C7-BE1F-F963-C8C6-0C720305778A}.Debug|Any CPU.Build.0 = Debug|Any CPU
		{ADC955C7-BE1F-F963-C8C6-0C720305778A}.Release|Any CPU.ActiveCfg = Release|Any CPU
		{ADC955C7-BE1F-F963-C8C6-0C720305778A}.Release|Any CPU.Build.0 = Release|Any CPU
		{AF118905-2509-AE23-F2BE-6569E2315C07}.Debug|Any CPU.ActiveCfg = Debug|Any CPU
		{AF118905-2509-AE23-F2BE-6569E2315C07}.Debug|Any CPU.Build.0 = Debug|Any CPU
		{AF118905-2509-AE23-F2BE-6569E2315C07}.Release|Any CPU.ActiveCfg = Release|Any CPU
		{AF118905-2509-AE23-F2BE-6569E2315C07}.Release|Any CPU.Build.0 = Release|Any CPU
	EndGlobalSection
	GlobalSection(SolutionProperties) = preSolution
		HideSolutionNode = FALSE
	EndGlobalSection
																																																																																																																																																																																																																																																																																	GlobalSection(MonoDevelopProperties) = preSolution
		StartupItem = Assembly-CSharp.csproj
		Policies = $0
		$0.TextStylePolicy = $1
		$1.inheritsSet = null
		$1.scope = text/x-csharp
		$0.CSharpFormattingPolicy = $2
		$2.inheritsSet = Mono
		$2.inheritsScope = text/x-csharp
		$2.scope = text/x-csharp
		$0.TextStylePolicy = $3
		$3.FileWidth = 120
		$3.TabWidth = 4
		$3.EolMarker = Unix
		$3.inheritsSet = Mono
		$3.inheritsScope = text/plain
		$3.scope = text/plain
	EndGlobalSection

EndGlobal
